
Microsoft Visual Studio Solution File, Format Version 12.00
# Visual Studio Version 17
VisualStudioVersion = 17.10.35122.118
MinimumVisualStudioVersion = 10.0.40219.1
Project("{2150E333-8FDC-42A3-9474-1A3956D46DE8}") = "Services", "Services", "{7B189B4D-12D1-4290-B638-4B2D80685A2F}"
EndProject
Project("{2150E333-8FDC-42A3-9474-1A3956D46DE8}") = "LifeArea", "LifeArea", "{561868EA-067A-497A-B18D-AF36CAF460C8}"
EndProject
Project("{9A19103F-16F7-4668-BE54-9A1E7A4F7556}") = "LifeArea.API", "LifeArea\LifeArea.API\LifeArea.API.csproj", "{6EA24EE9-CFF2-4F6E-836D-42ABD83E05EA}"
EndProject
Project("{2150E333-8FDC-42A3-9474-1A3956D46DE8}") = "BuildingBlocks", "BuildingBlocks", "{004B42DC-F2BB-4181-85A3-957F6236ABF4}"
EndProject
Project("{9A19103F-16F7-4668-BE54-9A1E7A4F7556}") = "BuildingBlocks", "BuildingBlocks\BuildingBlocks\BuildingBlocks.csproj", "{48A00AEC-3017-4ED0-BB6A-EF3EEAC0B7DE}"
EndProject
Project("{2150E333-8FDC-42A3-9474-1A3956D46DE8}") = "Problems", "Problems", "{A6668300-2449-4E95-803F-07E5505BC27E}"
EndProject
Project("{9A19103F-16F7-4668-BE54-9A1E7A4F7556}") = "Problems.API", "Problems\Problems.API\Problems.API.csproj", "{D66B131B-72C9-4E86-9F7A-256075A361A0}"
EndProject
Project("{2150E333-8FDC-42A3-9474-1A3956D46DE8}") = "Goals", "Goals", "{9219D425-3C1F-4A80-9148-501671A35DB5}"
EndProject
Project("{9A19103F-16F7-4668-BE54-9A1E7A4F7556}") = "Goals.API", "Goals\Goals.API\Goals.API.csproj", "{C9685001-E150-4046-A621-B7360D93E2E6}"
EndProject
Project("{2150E333-8FDC-42A3-9474-1A3956D46DE8}") = "Objectives", "Objectives", "{17CEBCD1-20E7-4697-A431-FB553327EFB5}"
EndProject
Project("{9A19103F-16F7-4668-BE54-9A1E7A4F7556}") = "Objectives.API", "Objectives\Objectives.API\Objectives.API.csproj", "{F34AA498-7440-4708-A0EB-3046F599BFBE}"
EndProject
Project("{2150E333-8FDC-42A3-9474-1A3956D46DE8}") = "Tasks", "Tasks", "{44ADBA52-AE0A-40F0-AF1A-A29B403782BA}"
EndProject
Project("{9A19103F-16F7-4668-BE54-9A1E7A4F7556}") = "Tasks.API", "Tasks\Tasks.API\Tasks.API.csproj", "{27DEC1CB-5CAA-4D7D-9CD1-4164EB8B29D6}"
EndProject
Project("{9A19103F-16F7-4668-BE54-9A1E7A4F7556}") = "Tasks.Domain", "Tasks\Tasks.Domain\Tasks.Domain.csproj", "{9E833047-6284-4909-A2E9-50443E172ADB}"
EndProject
Project("{9A19103F-16F7-4668-BE54-9A1E7A4F7556}") = "Tasks.Application", "Tasks\Tasks.Application\Tasks.Application.csproj", "{C2253C01-4F27-43A8-909A-9C2F433E7C6E}"
EndProject
Project("{9A19103F-16F7-4668-BE54-9A1E7A4F7556}") = "Tasks.Infrastructure", "Tasks\Tasks.Infrastructure\Tasks.Infrastructure.csproj", "{6DC4152E-5AD6-4544-8F5A-82657B3256C1}"
EndProject
Project("{2150E333-8FDC-42A3-9474-1A3956D46DE8}") = "Sprints", "Sprints", "{A8601457-5F0E-49CB-95E6-87B1037F0A99}"
EndProject
Project("{9A19103F-16F7-4668-BE54-9A1E7A4F7556}") = "Sprints.API", "Sprints\Sprints.API\Sprints.API.csproj", "{7A07B2EA-7708-4DF8-8A54-1D6C40055F69}"
EndProject
Project("{2150E333-8FDC-42A3-9474-1A3956D46DE8}") = "ApiGateways", "ApiGateways", "{E0A34BC4-690F-448A-97E2-C7F22D854FD4}"
EndProject
Project("{9A19103F-16F7-4668-BE54-9A1E7A4F7556}") = "YarpApiGateway", "ApiGateways\YarpApiGateway\YarpApiGateway.csproj", "{422BF3BD-620A-4ED2-AFF8-E3A2FFFC4967}"
EndProject
Project("{FAE04EC0-301F-11D3-BF4B-00C04F79EFBC}") = "BuildingBlocks.Messages", "BuildingBlocks\BuildingBlocks.Messages\BuildingBlocks.Messages.csproj", "{104C5C13-787D-4036-BA1D-601D1FBD10E8}"
EndProject
Global
	GlobalSection(SolutionConfigurationPlatforms) = preSolution
		Debug|Any CPU = Debug|Any CPU
		Release|Any CPU = Release|Any CPU
	EndGlobalSection
	GlobalSection(ProjectConfigurationPlatforms) = postSolution
		{6EA24EE9-CFF2-4F6E-836D-42ABD83E05EA}.Debug|Any CPU.ActiveCfg = Debug|Any CPU
		{6EA24EE9-CFF2-4F6E-836D-42ABD83E05EA}.Debug|Any CPU.Build.0 = Debug|Any CPU
		{6EA24EE9-CFF2-4F6E-836D-42ABD83E05EA}.Release|Any CPU.ActiveCfg = Release|Any CPU
		{6EA24EE9-CFF2-4F6E-836D-42ABD83E05EA}.Release|Any CPU.Build.0 = Release|Any CPU
		{48A00AEC-3017-4ED0-BB6A-EF3EEAC0B7DE}.Debug|Any CPU.ActiveCfg = Debug|Any CPU
		{48A00AEC-3017-4ED0-BB6A-EF3EEAC0B7DE}.Debug|Any CPU.Build.0 = Debug|Any CPU
		{48A00AEC-3017-4ED0-BB6A-EF3EEAC0B7DE}.Release|Any CPU.ActiveCfg = Release|Any CPU
		{48A00AEC-3017-4ED0-BB6A-EF3EEAC0B7DE}.Release|Any CPU.Build.0 = Release|Any CPU
		{D66B131B-72C9-4E86-9F7A-256075A361A0}.Debug|Any CPU.ActiveCfg = Debug|Any CPU
		{D66B131B-72C9-4E86-9F7A-256075A361A0}.Debug|Any CPU.Build.0 = Debug|Any CPU
		{D66B131B-72C9-4E86-9F7A-256075A361A0}.Release|Any CPU.ActiveCfg = Release|Any CPU
		{D66B131B-72C9-4E86-9F7A-256075A361A0}.Release|Any CPU.Build.0 = Release|Any CPU
		{C9685001-E150-4046-A621-B7360D93E2E6}.Debug|Any CPU.ActiveCfg = Debug|Any CPU
		{C9685001-E150-4046-A621-B7360D93E2E6}.Debug|Any CPU.Build.0 = Debug|Any CPU
		{C9685001-E150-4046-A621-B7360D93E2E6}.Release|Any CPU.ActiveCfg = Release|Any CPU
		{C9685001-E150-4046-A621-B7360D93E2E6}.Release|Any CPU.Build.0 = Release|Any CPU
		{F34AA498-7440-4708-A0EB-3046F599BFBE}.Debug|Any CPU.ActiveCfg = Debug|Any CPU
		{F34AA498-7440-4708-A0EB-3046F599BFBE}.Debug|Any CPU.Build.0 = Debug|Any CPU
		{F34AA498-7440-4708-A0EB-3046F599BFBE}.Release|Any CPU.ActiveCfg = Release|Any CPU
		{F34AA498-7440-4708-A0EB-3046F599BFBE}.Release|Any CPU.Build.0 = Release|Any CPU
		{27DEC1CB-5CAA-4D7D-9CD1-4164EB8B29D6}.Debug|Any CPU.ActiveCfg = Debug|Any CPU
		{27DEC1CB-5CAA-4D7D-9CD1-4164EB8B29D6}.Debug|Any CPU.Build.0 = Debug|Any CPU
		{27DEC1CB-5CAA-4D7D-9CD1-4164EB8B29D6}.Release|Any CPU.ActiveCfg = Release|Any CPU
		{27DEC1CB-5CAA-4D7D-9CD1-4164EB8B29D6}.Release|Any CPU.Build.0 = Release|Any CPU
		{9E833047-6284-4909-A2E9-50443E172ADB}.Debug|Any CPU.ActiveCfg = Debug|Any CPU
		{9E833047-6284-4909-A2E9-50443E172ADB}.Debug|Any CPU.Build.0 = Debug|Any CPU
		{9E833047-6284-4909-A2E9-50443E172ADB}.Release|Any CPU.ActiveCfg = Release|Any CPU
		{9E833047-6284-4909-A2E9-50443E172ADB}.Release|Any CPU.Build.0 = Release|Any CPU
		{C2253C01-4F27-43A8-909A-9C2F433E7C6E}.Debug|Any CPU.ActiveCfg = Debug|Any CPU
		{C2253C01-4F27-43A8-909A-9C2F433E7C6E}.Debug|Any CPU.Build.0 = Debug|Any CPU
		{C2253C01-4F27-43A8-909A-9C2F433E7C6E}.Release|Any CPU.ActiveCfg = Release|Any CPU
		{C2253C01-4F27-43A8-909A-9C2F433E7C6E}.Release|Any CPU.Build.0 = Release|Any CPU
		{6DC4152E-5AD6-4544-8F5A-82657B3256C1}.Debug|Any CPU.ActiveCfg = Debug|Any CPU
		{6DC4152E-5AD6-4544-8F5A-82657B3256C1}.Debug|Any CPU.Build.0 = Debug|Any CPU
		{6DC4152E-5AD6-4544-8F5A-82657B3256C1}.Release|Any CPU.ActiveCfg = Release|Any CPU
		{6DC4152E-5AD6-4544-8F5A-82657B3256C1}.Release|Any CPU.Build.0 = Release|Any CPU
		{7A07B2EA-7708-4DF8-8A54-1D6C40055F69}.Debug|Any CPU.ActiveCfg = Debug|Any CPU
		{7A07B2EA-7708-4DF8-8A54-1D6C40055F69}.Debug|Any CPU.Build.0 = Debug|Any CPU
		{7A07B2EA-7708-4DF8-8A54-1D6C40055F69}.Release|Any CPU.ActiveCfg = Release|Any CPU
		{7A07B2EA-7708-4DF8-8A54-1D6C40055F69}.Release|Any CPU.Build.0 = Release|Any CPU
		{422BF3BD-620A-4ED2-AFF8-E3A2FFFC4967}.Debug|Any CPU.ActiveCfg = Debug|Any CPU
		{422BF3BD-620A-4ED2-AFF8-E3A2FFFC4967}.Debug|Any CPU.Build.0 = Debug|Any CPU
		{422BF3BD-620A-4ED2-AFF8-E3A2FFFC4967}.Release|Any CPU.ActiveCfg = Release|Any CPU
		{422BF3BD-620A-4ED2-AFF8-E3A2FFFC4967}.Release|Any CPU.Build.0 = Release|Any CPU
		{104C5C13-787D-4036-BA1D-601D1FBD10E8}.Debug|Any CPU.ActiveCfg = Debug|Any CPU
		{104C5C13-787D-4036-BA1D-601D1FBD10E8}.Debug|Any CPU.Build.0 = Debug|Any CPU
		{104C5C13-787D-4036-BA1D-601D1FBD10E8}.Release|Any CPU.ActiveCfg = Release|Any CPU
		{104C5C13-787D-4036-BA1D-601D1FBD10E8}.Release|Any CPU.Build.0 = Release|Any CPU
	EndGlobalSection
	GlobalSection(SolutionProperties) = preSolution
		HideSolutionNode = FALSE
	EndGlobalSection
	GlobalSection(NestedProjects) = preSolution
		{561868EA-067A-497A-B18D-AF36CAF460C8} = {7B189B4D-12D1-4290-B638-4B2D80685A2F}
		{6EA24EE9-CFF2-4F6E-836D-42ABD83E05EA} = {561868EA-067A-497A-B18D-AF36CAF460C8}
		{48A00AEC-3017-4ED0-BB6A-EF3EEAC0B7DE} = {004B42DC-F2BB-4181-85A3-957F6236ABF4}
		{A6668300-2449-4E95-803F-07E5505BC27E} = {7B189B4D-12D1-4290-B638-4B2D80685A2F}
		{D66B131B-72C9-4E86-9F7A-256075A361A0} = {A6668300-2449-4E95-803F-07E5505BC27E}
		{9219D425-3C1F-4A80-9148-501671A35DB5} = {7B189B4D-12D1-4290-B638-4B2D80685A2F}
		{C9685001-E150-4046-A621-B7360D93E2E6} = {9219D425-3C1F-4A80-9148-501671A35DB5}
		{17CEBCD1-20E7-4697-A431-FB553327EFB5} = {7B189B4D-12D1-4290-B638-4B2D80685A2F}
		{F34AA498-7440-4708-A0EB-3046F599BFBE} = {17CEBCD1-20E7-4697-A431-FB553327EFB5}
		{44ADBA52-AE0A-40F0-AF1A-A29B403782BA} = {7B189B4D-12D1-4290-B638-4B2D80685A2F}
		{27DEC1CB-5CAA-4D7D-9CD1-4164EB8B29D6} = {44ADBA52-AE0A-40F0-AF1A-A29B403782BA}
		{9E833047-6284-4909-A2E9-50443E172ADB} = {44ADBA52-AE0A-40F0-AF1A-A29B403782BA}
		{C2253C01-4F27-43A8-909A-9C2F433E7C6E} = {44ADBA52-AE0A-40F0-AF1A-A29B403782BA}
		{6DC4152E-5AD6-4544-8F5A-82657B3256C1} = {44ADBA52-AE0A-40F0-AF1A-A29B403782BA}
		{A8601457-5F0E-49CB-95E6-87B1037F0A99} = {7B189B4D-12D1-4290-B638-4B2D80685A2F}
		{7A07B2EA-7708-4DF8-8A54-1D6C40055F69} = {A8601457-5F0E-49CB-95E6-87B1037F0A99}
		{422BF3BD-620A-4ED2-AFF8-E3A2FFFC4967} = {E0A34BC4-690F-448A-97E2-C7F22D854FD4}
		{104C5C13-787D-4036-BA1D-601D1FBD10E8} = {004B42DC-F2BB-4181-85A3-957F6236ABF4}
	EndGlobalSection
	GlobalSection(ExtensibilityGlobals) = postSolution
		SolutionGuid = {130AC41B-5EF3-4374-B8F5-4317229859B9}
	EndGlobalSection
EndGlobal
